
Microsoft Visual Studio Solution File, Format Version 12.00
Project("{FAE04EC0-301F-11D3-BF4B-00C04F79EFBC}") = "ExTween", "ExTween\ExTween.csproj", "{3B49100B-21BF-48A5-B9D3-77021ABF2ECF}"
EndProject
Project("{FAE04EC0-301F-11D3-BF4B-00C04F79EFBC}") = "TestExTween", "TestExTween\TestExTween.csproj", "{3E42F404-7F18-42B5-A6A1-317DE335409A}"
EndProject
Project("{FAE04EC0-301F-11D3-BF4B-00C04F79EFBC}") = "MonoGameDemo", "Demos\MonoGameDemo\MonoGameDemo.csproj", "{B7B1859B-CF63-4229-BD14-9A312FFA046F}"
EndProject
Project("{FAE04EC0-301F-11D3-BF4B-00C04F79EFBC}") = "ExTween.MonoGame", "ExTween.MonoGame\ExTween.MonoGame.csproj", "{AA2CFA0D-46B4-4302-ACD8-4BA88FAB7ECD}"
EndProject
Project("{FAE04EC0-301F-11D3-BF4B-00C04F79EFBC}") = "ExTween.Text", "ExTween.Text\ExTween.Text.csproj", "{00532AF4-6283-4440-9A18-63C91634319E}"
EndProject
Global
	GlobalSection(SolutionConfigurationPlatforms) = preSolution
		Debug|Any CPU = Debug|Any CPU
		Release|Any CPU = Release|Any CPU
	EndGlobalSection
	GlobalSection(ProjectConfigurationPlatforms) = postSolution
		{3B49100B-21BF-48A5-B9D3-77021ABF2ECF}.Debug|Any CPU.ActiveCfg = Debug|Any CPU
		{3B49100B-21BF-48A5-B9D3-77021ABF2ECF}.Debug|Any CPU.Build.0 = Debug|Any CPU
		{3B49100B-21BF-48A5-B9D3-77021ABF2ECF}.Release|Any CPU.ActiveCfg = Release|Any CPU
		{3B49100B-21BF-48A5-B9D3-77021ABF2ECF}.Release|Any CPU.Build.0 = Release|Any CPU
		{3E42F404-7F18-42B5-A6A1-317DE335409A}.Debug|Any CPU.ActiveCfg = Debug|Any CPU
		{3E42F404-7F18-42B5-A6A1-317DE335409A}.Debug|Any CPU.Build.0 = Debug|Any CPU
		{3E42F404-7F18-42B5-A6A1-317DE335409A}.Release|Any CPU.ActiveCfg = Release|Any CPU
		{3E42F404-7F18-42B5-A6A1-317DE335409A}.Release|Any CPU.Build.0 = Release|Any CPU
		{B7B1859B-CF63-4229-BD14-9A312FFA046F}.Debug|Any CPU.ActiveCfg = Debug|Any CPU
		{B7B1859B-CF63-4229-BD14-9A312FFA046F}.Debug|Any CPU.Build.0 = Debug|Any CPU
		{B7B1859B-CF63-4229-BD14-9A312FFA046F}.Release|Any CPU.ActiveCfg = Release|Any CPU
		{B7B1859B-CF63-4229-BD14-9A312FFA046F}.Release|Any CPU.Build.0 = Release|Any CPU
		{AA2CFA0D-46B4-4302-ACD8-4BA88FAB7ECD}.Debug|Any CPU.ActiveCfg = Debug|Any CPU
		{AA2CFA0D-46B4-4302-ACD8-4BA88FAB7ECD}.Debug|Any CPU.Build.0 = Debug|Any CPU
		{AA2CFA0D-46B4-4302-ACD8-4BA88FAB7ECD}.Release|Any CPU.ActiveCfg = Release|Any CPU
		{AA2CFA0D-46B4-4302-ACD8-4BA88FAB7ECD}.Release|Any CPU.Build.0 = Release|Any CPU
		{00532AF4-6283-4440-9A18-63C91634319E}.Debug|Any CPU.ActiveCfg = Debug|Any CPU
		{00532AF4-6283-4440-9A18-63C91634319E}.Debug|Any CPU.Build.0 = Debug|Any CPU
		{00532AF4-6283-4440-9A18-63C91634319E}.Release|Any CPU.ActiveCfg = Release|Any CPU
		{00532AF4-6283-4440-9A18-63C91634319E}.Release|Any CPU.Build.0 = Release|Any CPU
	EndGlobalSection
EndGlobal
